
Microsoft Visual Studio Solution File, Format Version 12.00
# Visual Studio 15
VisualStudioVersion = 15.0.28307.2092
MinimumVisualStudioVersion = 10.0.40219.1
Project("{FAE04EC0-301F-11D3-BF4B-00C04F79EFBC}") = "AstoriaTestAppX.Android", "AstoriaTestAppX\AstoriaTestAppX.Android\AstoriaTestAppX.Android.csproj", "{24CE3C36-16B9-426D-AA0C-5961ECF8D88C}"
EndProject
Project("{FAE04EC0-301F-11D3-BF4B-00C04F79EFBC}") = "AstoriaTestAppX.iOS", "AstoriaTestAppX\AstoriaTestAppX.iOS\AstoriaTestAppX.iOS.csproj", "{06321383-3218-449D-849B-F40A8C5BD14B}"
EndProject
Project("{FAE04EC0-301F-11D3-BF4B-00C04F79EFBC}") = "AstoriaTestAppX.UWP", "AstoriaTestAppX\AstoriaTestAppX.UWP\AstoriaTestAppX.UWP.csproj", "{80A93C27-248E-4E7A-AA53-74DC7D8A7811}"
EndProject
Project("{FAE04EC0-301F-11D3-BF4B-00C04F79EFBC}") = "AstoriaTestAppX", "AstoriaTestAppX\AstoriaTestAppX\AstoriaTestAppX.csproj", "{52070AE2-C5AC-4D40-BC37-C5C3CC499414}"
EndProject
Global
	GlobalSection(SolutionConfigurationPlatforms) = preSolution
		Debug|Any CPU = Debug|Any CPU
		Debug|ARM = Debug|ARM
		Debug|iPhone = Debug|iPhone
		Debug|iPhoneSimulator = Debug|iPhoneSimulator
		Debug|x64 = Debug|x64
		Debug|x86 = Debug|x86
		Release|Any CPU = Release|Any CPU
		Release|ARM = Release|ARM
		Release|iPhone = Release|iPhone
		Release|iPhoneSimulator = Release|iPhoneSimulator
		Release|x64 = Release|x64
		Release|x86 = Release|x86
	EndGlobalSection
	GlobalSection(ProjectConfigurationPlatforms) = postSolution
		{24CE3C36-16B9-426D-AA0C-5961ECF8D88C}.Debug|Any CPU.ActiveCfg = Debug|Any CPU
		{24CE3C36-16B9-426D-AA0C-5961ECF8D88C}.Debug|Any CPU.Build.0 = Debug|Any CPU
		{24CE3C36-16B9-426D-AA0C-5961ECF8D88C}.Debug|Any CPU.Deploy.0 = Debug|Any CPU
		{24CE3C36-16B9-426D-AA0C-5961ECF8D88C}.Debug|ARM.ActiveCfg = Debug|Any CPU
		{24CE3C36-16B9-426D-AA0C-5961ECF8D88C}.Debug|ARM.Build.0 = Debug|Any CPU
		{24CE3C36-16B9-426D-AA0C-5961ECF8D88C}.Debug|ARM.Deploy.0 = Debug|Any CPU
		{24CE3C36-16B9-426D-AA0C-5961ECF8D88C}.Debug|iPhone.ActiveCfg = Debug|Any CPU
		{24CE3C36-16B9-426D-AA0C-5961ECF8D88C}.Debug|iPhone.Build.0 = Debug|Any CPU
		{24CE3C36-16B9-426D-AA0C-5961ECF8D88C}.Debug|iPhone.Deploy.0 = Debug|Any CPU
		{24CE3C36-16B9-426D-AA0C-5961ECF8D88C}.Debug|iPhoneSimulator.ActiveCfg = Debug|Any CPU
		{24CE3C36-16B9-426D-AA0C-5961ECF8D88C}.Debug|iPhoneSimulator.Build.0 = Debug|Any CPU
		{24CE3C36-16B9-426D-AA0C-5961ECF8D88C}.Debug|iPhoneSimulator.Deploy.0 = Debug|Any CPU
		{24CE3C36-16B9-426D-AA0C-5961ECF8D88C}.Debug|x64.ActiveCfg = Debug|Any CPU
		{24CE3C36-16B9-426D-AA0C-5961ECF8D88C}.Debug|x64.Build.0 = Debug|Any CPU
		{24CE3C36-16B9-426D-AA0C-5961ECF8D88C}.Debug|x64.Deploy.0 = Debug|Any CPU
		{24CE3C36-16B9-426D-AA0C-5961ECF8D88C}.Debug|x86.ActiveCfg = Debug|Any CPU
		{24CE3C36-16B9-426D-AA0C-5961ECF8D88C}.Debug|x86.Build.0 = Debug|Any CPU
		{24CE3C36-16B9-426D-AA0C-5961ECF8D88C}.Debug|x86.Deploy.0 = Debug|Any CPU
		{24CE3C36-16B9-426D-AA0C-5961ECF8D88C}.Release|Any CPU.ActiveCfg = Release|Any CPU
		{24CE3C36-16B9-426D-AA0C-5961ECF8D88C}.Release|Any CPU.Build.0 = Release|Any CPU
		{24CE3C36-16B9-426D-AA0C-5961ECF8D88C}.Release|Any CPU.Deploy.0 = Release|Any CPU
		{24CE3C36-16B9-426D-AA0C-5961ECF8D88C}.Release|ARM.ActiveCfg = Release|Any CPU
		{24CE3C36-16B9-426D-AA0C-5961ECF8D88C}.Release|ARM.Build.0 = Release|Any CPU
		{24CE3C36-16B9-426D-AA0C-5961ECF8D88C}.Release|ARM.Deploy.0 = Release|Any CPU
		{24CE3C36-16B9-426D-AA0C-5961ECF8D88C}.Release|iPhone.ActiveCfg = Release|Any CPU
		{24CE3C36-16B9-426D-AA0C-5961ECF8D88C}.Release|iPhone.Build.0 = Release|Any CPU
		{24CE3C36-16B9-426D-AA0C-5961ECF8D88C}.Release|iPhone.Deploy.0 = Release|Any CPU
		{24CE3C36-16B9-426D-AA0C-5961ECF8D88C}.Release|iPhoneSimulator.ActiveCfg = Release|Any CPU
		{24CE3C36-16B9-426D-AA0C-5961ECF8D88C}.Release|iPhoneSimulator.Build.0 = Release|Any CPU
		{24CE3C36-16B9-426D-AA0C-5961ECF8D88C}.Release|iPhoneSimulator.Deploy.0 = Release|Any CPU
		{24CE3C36-16B9-426D-AA0C-5961ECF8D88C}.Release|x64.ActiveCfg = Release|Any CPU
		{24CE3C36-16B9-426D-AA0C-5961ECF8D88C}.Release|x64.Build.0 = Release|Any CPU
		{24CE3C36-16B9-426D-AA0C-5961ECF8D88C}.Release|x64.Deploy.0 = Release|Any CPU
		{24CE3C36-16B9-426D-AA0C-5961ECF8D88C}.Release|x86.ActiveCfg = Release|Any CPU
		{24CE3C36-16B9-426D-AA0C-5961ECF8D88C}.Release|x86.Build.0 = Release|Any CPU
		{24CE3C36-16B9-426D-AA0C-5961ECF8D88C}.Release|x86.Deploy.0 = Release|Any CPU
		{06321383-3218-449D-849B-F40A8C5BD14B}.Debug|Any CPU.ActiveCfg = Debug|iPhoneSimulator
		{06321383-3218-449D-849B-F40A8C5BD14B}.Debug|Any CPU.Build.0 = Debug|iPhoneSimulator
		{06321383-3218-449D-849B-F40A8C5BD14B}.Debug|Any CPU.Deploy.0 = Debug|iPhoneSimulator
		{06321383-3218-449D-849B-F40A8C5BD14B}.Debug|ARM.ActiveCfg = Debug|iPhone
		{06321383-3218-449D-849B-F40A8C5BD14B}.Debug|ARM.Build.0 = Debug|iPhone
		{06321383-3218-449D-849B-F40A8C5BD14B}.Debug|ARM.Deploy.0 = Debug|iPhone
		{06321383-3218-449D-849B-F40A8C5BD14B}.Debug|iPhone.ActiveCfg = Debug|iPhone
		{06321383-3218-449D-849B-F40A8C5BD14B}.Debug|iPhone.Build.0 = Debug|iPhone
		{06321383-3218-449D-849B-F40A8C5BD14B}.Debug|iPhone.Deploy.0 = Debug|iPhone
		{06321383-3218-449D-849B-F40A8C5BD14B}.Debug|iPhoneSimulator.ActiveCfg = Debug|iPhoneSimulator
		{06321383-3218-449D-849B-F40A8C5BD14B}.Debug|iPhoneSimulator.Build.0 = Debug|iPhoneSimulator
		{06321383-3218-449D-849B-F40A8C5BD14B}.Debug|iPhoneSimulator.Deploy.0 = Debug|iPhoneSimulator
		{06321383-3218-449D-849B-F40A8C5BD14B}.Debug|x64.ActiveCfg = Debug|iPhone
		{06321383-3218-449D-849B-F40A8C5BD14B}.Debug|x64.Build.0 = Debug|iPhone
		{06321383-3218-449D-849B-F40A8C5BD14B}.Debug|x64.Deploy.0 = Debug|iPhone
		{06321383-3218-449D-849B-F40A8C5BD14B}.Debug|x86.ActiveCfg = Debug|iPhone
		{06321383-3218-449D-849B-F40A8C5BD14B}.Debug|x86.Build.0 = Debug|iPhone
		{06321383-3218-449D-849B-F40A8C5BD14B}.Debug|x86.Deploy.0 = Debug|iPhone
		{06321383-3218-449D-849B-F40A8C5BD14B}.Release|Any CPU.ActiveCfg = Release|iPhone
		{06321383-3218-449D-849B-F40A8C5BD14B}.Release|Any CPU.Build.0 = Release|iPhone
		{06321383-3218-449D-849B-F40A8C5BD14B}.Release|Any CPU.Deploy.0 = Release|iPhone
		{06321383-3218-449D-849B-F40A8C5BD14B}.Release|ARM.ActiveCfg = Release|iPhone
		{06321383-3218-449D-849B-F40A8C5BD14B}.Release|ARM.Build.0 = Release|iPhone
		{06321383-3218-449D-849B-F40A8C5BD14B}.Release|ARM.Deploy.0 = Release|iPhone
		{06321383-3218-449D-849B-F40A8C5BD14B}.Release|iPhone.ActiveCfg = Release|iPhone
		{06321383-3218-449D-849B-F40A8C5BD14B}.Release|iPhone.Build.0 = Release|iPhone
		{06321383-3218-449D-849B-F40A8C5BD14B}.Release|iPhone.Deploy.0 = Release|iPhone
		{06321383-3218-449D-849B-F40A8C5BD14B}.Release|iPhoneSimulator.ActiveCfg = Release|iPhoneSimulator
		{06321383-3218-449D-849B-F40A8C5BD14B}.Release|iPhoneSimulator.Build.0 = Release|iPhoneSimulator
		{06321383-3218-449D-849B-F40A8C5BD14B}.Release|iPhoneSimulator.Deploy.0 = Release|iPhoneSimulator
		{06321383-3218-449D-849B-F40A8C5BD14B}.Release|x64.ActiveCfg = Release|iPhone
		{06321383-3218-449D-849B-F40A8C5BD14B}.Release|x64.Build.0 = Release|iPhone
		{06321383-3218-449D-849B-F40A8C5BD14B}.Release|x64.Deploy.0 = Release|iPhone
		{06321383-3218-449D-849B-F40A8C5BD14B}.Release|x86.ActiveCfg = Release|iPhone
		{06321383-3218-449D-849B-F40A8C5BD14B}.Release|x86.Build.0 = Release|iPhone
		{06321383-3218-449D-849B-F40A8C5BD14B}.Release|x86.Deploy.0 = Release|iPhone
		{80A93C27-248E-4E7A-AA53-74DC7D8A7811}.Debug|Any CPU.ActiveCfg = Debug|x86
		{80A93C27-248E-4E7A-AA53-74DC7D8A7811}.Debug|Any CPU.Build.0 = Debug|x86
		{80A93C27-248E-4E7A-AA53-74DC7D8A7811}.Debug|Any CPU.Deploy.0 = Debug|x86
		{80A93C27-248E-4E7A-AA53-74DC7D8A7811}.Debug|ARM.ActiveCfg = Debug|ARM
		{80A93C27-248E-4E7A-AA53-74DC7D8A7811}.Debug|ARM.Build.0 = Debug|ARM
		{80A93C27-248E-4E7A-AA53-74DC7D8A7811}.Debug|ARM.Deploy.0 = Debug|ARM
		{80A93C27-248E-4E7A-AA53-74DC7D8A7811}.Debug|iPhone.ActiveCfg = Debug|x86
		{80A93C27-248E-4E7A-AA53-74DC7D8A7811}.Debug|iPhone.Build.0 = Debug|x86
		{80A93C27-248E-4E7A-AA53-74DC7D8A7811}.Debug|iPhone.Deploy.0 = Debug|x86
		{80A93C27-248E-4E7A-AA53-74DC7D8A7811}.Debug|iPhoneSimulator.ActiveCfg = Debug|x86
		{80A93C27-248E-4E7A-AA53-74DC7D8A7811}.Debug|iPhoneSimulator.Build.0 = Debug|x86
		{80A93C27-248E-4E7A-AA53-74DC7D8A7811}.Debug|iPhoneSimulator.Deploy.0 = Debug|x86
		{80A93C27-248E-4E7A-AA53-74DC7D8A7811}.Debug|x64.ActiveCfg = Debug|x64
		{80A93C27-248E-4E7A-AA53-74DC7D8A7811}.Debug|x64.Build.0 = Debug|x64
		{80A93C27-248E-4E7A-AA53-74DC7D8A7811}.Debug|x64.Deploy.0 = Debug|x64
		{80A93C27-248E-4E7A-AA53-74DC7D8A7811}.Debug|x86.ActiveCfg = Debug|x86
		{80A93C27-248E-4E7A-AA53-74DC7D8A7811}.Debug|x86.Build.0 = Debug|x86
		{80A93C27-248E-4E7A-AA53-74DC7D8A7811}.Debug|x86.Deploy.0 = Debug|x86
		{80A93C27-248E-4E7A-AA53-74DC7D8A7811}.Release|Any CPU.ActiveCfg = Release|x86
		{80A93C27-248E-4E7A-AA53-74DC7D8A7811}.Release|Any CPU.Build.0 = Release|x86
		{80A93C27-248E-4E7A-AA53-74DC7D8A7811}.Release|Any CPU.Deploy.0 = Release|x86
		{80A93C27-248E-4E7A-AA53-74DC7D8A7811}.Release|ARM.ActiveCfg = Release|ARM
		{80A93C27-248E-4E7A-AA53-74DC7D8A7811}.Release|ARM.Build.0 = Release|ARM
		{80A93C27-248E-4E7A-AA53-74DC7D8A7811}.Release|ARM.Deploy.0 = Release|ARM
		{80A93C27-248E-4E7A-AA53-74DC7D8A7811}.Release|iPhone.ActiveCfg = Release|x86
		{80A93C27-248E-4E7A-AA53-74DC7D8A7811}.Release|iPhone.Build.0 = Release|x86
		{80A93C27-248E-4E7A-AA53-74DC7D8A7811}.Release|iPhone.Deploy.0 = Release|x86
		{80A93C27-248E-4E7A-AA53-74DC7D8A7811}.Release|iPhoneSimulator.ActiveCfg = Release|x86
		{80A93C27-248E-4E7A-AA53-74DC7D8A7811}.Release|iPhoneSimulator.Build.0 = Release|x86
		{80A93C27-248E-4E7A-AA53-74DC7D8A7811}.Release|iPhoneSimulator.Deploy.0 = Release|x86
		{80A93C27-248E-4E7A-AA53-74DC7D8A7811}.Release|x64.ActiveCfg = Release|x64
		{80A93C27-248E-4E7A-AA53-74DC7D8A7811}.Release|x64.Build.0 = Release|x64
		{80A93C27-248E-4E7A-AA53-74DC7D8A7811}.Release|x64.Deploy.0 = Release|x64
		{80A93C27-248E-4E7A-AA53-74DC7D8A7811}.Release|x86.ActiveCfg = Release|x86
		{80A93C27-248E-4E7A-AA53-74DC7D8A7811}.Release|x86.Build.0 = Release|x86
		{80A93C27-248E-4E7A-AA53-74DC7D8A7811}.Release|x86.Deploy.0 = Release|x86
		{52070AE2-C5AC-4D40-BC37-C5C3CC499414}.Debug|Any CPU.ActiveCfg = Debug|Any CPU
		{52070AE2-C5AC-4D40-BC37-C5C3CC499414}.Debug|Any CPU.Build.0 = Debug|Any CPU
		{52070AE2-C5AC-4D40-BC37-C5C3CC499414}.Debug|Any CPU.Deploy.0 = Debug|Any CPU
		{52070AE2-C5AC-4D40-BC37-C5C3CC499414}.Debug|ARM.ActiveCfg = Debug|Any CPU
		{52070AE2-C5AC-4D40-BC37-C5C3CC499414}.Debug|ARM.Build.0 = Debug|Any CPU
		{52070AE2-C5AC-4D40-BC37-C5C3CC499414}.Debug|ARM.Deploy.0 = Debug|Any CPU
		{52070AE2-C5AC-4D40-BC37-C5C3CC499414}.Debug|iPhone.ActiveCfg = Debug|Any CPU
		{52070AE2-C5AC-4D40-BC37-C5C3CC499414}.Debug|iPhone.Build.0 = Debug|Any CPU
		{52070AE2-C5AC-4D40-BC37-C5C3CC499414}.Debug|iPhone.Deploy.0 = Debug|Any CPU
		{52070AE2-C5AC-4D40-BC37-C5C3CC499414}.Debug|iPhoneSimulator.ActiveCfg = Debug|Any CPU
		{52070AE2-C5AC-4D40-BC37-C5C3CC499414}.Debug|iPhoneSimulator.Build.0 = Debug|Any CPU
		{52070AE2-C5AC-4D40-BC37-C5C3CC499414}.Debug|iPhoneSimulator.Deploy.0 = Debug|Any CPU
		{52070AE2-C5AC-4D40-BC37-C5C3CC499414}.Debug|x64.ActiveCfg = Debug|Any CPU
		{52070AE2-C5AC-4D40-BC37-C5C3CC499414}.Debug|x64.Build.0 = Debug|Any CPU
		{52070AE2-C5AC-4D40-BC37-C5C3CC499414}.Debug|x64.Deploy.0 = Debug|Any CPU
		{52070AE2-C5AC-4D40-BC37-C5C3CC499414}.Debug|x86.ActiveCfg = Debug|Any CPU
		{52070AE2-C5AC-4D40-BC37-C5C3CC499414}.Debug|x86.Build.0 = Debug|Any CPU
		{52070AE2-C5AC-4D40-BC37-C5C3CC499414}.Debug|x86.Deploy.0 = Debug|Any CPU
		{52070AE2-C5AC-4D40-BC37-C5C3CC499414}.Release|Any CPU.ActiveCfg = Release|Any CPU
		{52070AE2-C5AC-4D40-BC37-C5C3CC499414}.Release|Any CPU.Build.0 = Release|Any CPU
		{52070AE2-C5AC-4D40-BC37-C5C3CC499414}.Release|Any CPU.Deploy.0 = Release|Any CPU
		{52070AE2-C5AC-4D40-BC37-C5C3CC499414}.Release|ARM.ActiveCfg = Release|Any CPU
		{52070AE2-C5AC-4D40-BC37-C5C3CC499414}.Release|ARM.Build.0 = Release|Any CPU
		{52070AE2-C5AC-4D40-BC37-C5C3CC499414}.Release|ARM.Deploy.0 = Release|Any CPU
		{52070AE2-C5AC-4D40-BC37-C5C3CC499414}.Release|iPhone.ActiveCfg = Release|Any CPU
		{52070AE2-C5AC-4D40-BC37-C5C3CC499414}.Release|iPhone.Build.0 = Release|Any CPU
		{52070AE2-C5AC-4D40-BC37-C5C3CC499414}.Release|iPhone.Deploy.0 = Release|Any CPU
		{52070AE2-C5AC-4D40-BC37-C5C3CC499414}.Release|iPhoneSimulator.ActiveCfg = Release|Any CPU
		{52070AE2-C5AC-4D40-BC37-C5C3CC499414}.Release|iPhoneSimulator.Build.0 = Release|Any CPU
		{52070AE2-C5AC-4D40-BC37-C5C3CC499414}.Release|iPhoneSimulator.Deploy.0 = Release|Any CPU
		{52070AE2-C5AC-4D40-BC37-C5C3CC499414}.Release|x64.ActiveCfg = Release|Any CPU
		{52070AE2-C5AC-4D40-BC37-C5C3CC499414}.Release|x64.Build.0 = Release|Any CPU
		{52070AE2-C5AC-4D40-BC37-C5C3CC499414}.Release|x64.Deploy.0 = Release|Any CPU
		{52070AE2-C5AC-4D40-BC37-C5C3CC499414}.Release|x86.ActiveCfg = Release|Any CPU
		{52070AE2-C5AC-4D40-BC37-C5C3CC499414}.Release|x86.Build.0 = Release|Any CPU
		{52070AE2-C5AC-4D40-BC37-C5C3CC499414}.Release|x86.Deploy.0 = Release|Any CPU
	EndGlobalSection
	GlobalSection(SolutionProperties) = preSolution
		HideSolutionNode = FALSE
	EndGlobalSection
	GlobalSection(ExtensibilityGlobals) = postSolution
		SolutionGuid = {AC25D7CE-470C-4DC1-A2A9-C72F6A52BA2C}
	EndGlobalSection
EndGlobal
